// !$*UTF8*$!
{
	archiveVersion = 1;
	classes = {
	};
	objectVersion = 56;
	objects = {

/* Begin PBXBuildFile section */
		0B0F8A5A2C715BB3004440B7 /* AppDelegate.swift in Sources */ = {isa = PBXBuildFile; fileRef = 0B0F8A592C715BB3004440B7 /* AppDelegate.swift */; };
		0B0F8A5C2C715BB3004440B7 /* SceneDelegate.swift in Sources */ = {isa = PBXBuildFile; fileRef = 0B0F8A5B2C715BB3004440B7 /* SceneDelegate.swift */; };
		0B0F8A612C715BB3004440B7 /* Base in Resources */ = {isa = PBXBuildFile; fileRef = 0B0F8A602C715BB3004440B7 /* Base */; };
		0B0F8A642C715BB3004440B7 /* KueskiMovieDB.xcdatamodeld in Sources */ = {isa = PBXBuildFile; fileRef = 0B0F8A622C715BB3004440B7 /* KueskiMovieDB.xcdatamodeld */; };
		0B0F8A662C715BB6004440B7 /* Assets.xcassets in Resources */ = {isa = PBXBuildFile; fileRef = 0B0F8A652C715BB6004440B7 /* Assets.xcassets */; };
		0B0F8A692C715BB6004440B7 /* Base in Resources */ = {isa = PBXBuildFile; fileRef = 0B0F8A682C715BB6004440B7 /* Base */; };
		0B0F8A742C715BB7004440B7 /* KueskiMovieDBTests.swift in Sources */ = {isa = PBXBuildFile; fileRef = 0B0F8A732C715BB7004440B7 /* KueskiMovieDBTests.swift */; };
		0B0F8A7E2C715BB7004440B7 /* KueskiMovieDBUITests.swift in Sources */ = {isa = PBXBuildFile; fileRef = 0B0F8A7D2C715BB7004440B7 /* KueskiMovieDBUITests.swift */; };
		0B0F8A802C715BB7004440B7 /* KueskiMovieDBUITestsLaunchTests.swift in Sources */ = {isa = PBXBuildFile; fileRef = 0B0F8A7F2C715BB7004440B7 /* KueskiMovieDBUITestsLaunchTests.swift */; };
		0B0F8A912C7167F2004440B7 /* NavigationFactory.swift in Sources */ = {isa = PBXBuildFile; fileRef = 0B0F8A902C7167F2004440B7 /* NavigationFactory.swift */; };
		0B0F8A972C7168B1004440B7 /* MoviesViewController.swift in Sources */ = {isa = PBXBuildFile; fileRef = 0B0F8A962C7168B1004440B7 /* MoviesViewController.swift */; };
		0B0F8A9A2C7168E6004440B7 /* MoviesFactory.swift in Sources */ = {isa = PBXBuildFile; fileRef = 0B0F8A992C7168E6004440B7 /* MoviesFactory.swift */; };
		0B0F8A9E2C716971004440B7 /* MovieTabBarView.swift in Sources */ = {isa = PBXBuildFile; fileRef = 0B0F8A9D2C716971004440B7 /* MovieTabBarView.swift */; };
		0B0F8AA12C7169A0004440B7 /* TabBarRouter.swift in Sources */ = {isa = PBXBuildFile; fileRef = 0B0F8AA02C7169A0004440B7 /* TabBarRouter.swift */; };
		0B0F8AA42C7169C7004440B7 /* TabBarFactory.swift in Sources */ = {isa = PBXBuildFile; fileRef = 0B0F8AA32C7169C7004440B7 /* TabBarFactory.swift */; };
		0B0F8AA92C716BD8004440B7 /* GenericCollectionView.swift in Sources */ = {isa = PBXBuildFile; fileRef = 0B0F8AA82C716BD8004440B7 /* GenericCollectionView.swift */; };
		0B0F8AAC2C716EDA004440B7 /* MovieListCollectionViewCell.swift in Sources */ = {isa = PBXBuildFile; fileRef = 0B0F8AAB2C716EDA004440B7 /* MovieListCollectionViewCell.swift */; };
		0B0F8AB22C719001004440B7 /* MovieListCollectionViewCell+Layout.swift in Sources */ = {isa = PBXBuildFile; fileRef = 0B0F8AB12C719001004440B7 /* MovieListCollectionViewCell+Layout.swift */; };
		0B0F8AB42C71ACF7004440B7 /* MovieListCollectionViewCell+Components.swift in Sources */ = {isa = PBXBuildFile; fileRef = 0B0F8AB32C71ACF7004440B7 /* MovieListCollectionViewCell+Components.swift */; };
		0B0F8AB72C71AE8B004440B7 /* MovieGridCollectionViewCell.swift in Sources */ = {isa = PBXBuildFile; fileRef = 0B0F8AB62C71AE8B004440B7 /* MovieGridCollectionViewCell.swift */; };
		0B0F8AB92C71AEE0004440B7 /* MovieGridCollectionViewCell+Layout.swift in Sources */ = {isa = PBXBuildFile; fileRef = 0B0F8AB82C71AEE0004440B7 /* MovieGridCollectionViewCell+Layout.swift */; };
		0B0F8ABB2C71AF0F004440B7 /* MovieGridCollectionViewCell+Components.swift in Sources */ = {isa = PBXBuildFile; fileRef = 0B0F8ABA2C71AF0F004440B7 /* MovieGridCollectionViewCell+Components.swift */; };
		0B0F8ABD2C71B697004440B7 /* ListCollectionViewLayout.swift in Sources */ = {isa = PBXBuildFile; fileRef = 0B0F8ABC2C71B697004440B7 /* ListCollectionViewLayout.swift */; };
		0B0F8ABF2C71B6BB004440B7 /* GridCollectionViewLayout.swift in Sources */ = {isa = PBXBuildFile; fileRef = 0B0F8ABE2C71B6BB004440B7 /* GridCollectionViewLayout.swift */; };
		0B0F8AC32C71C616004440B7 /* APIClientErrorWrapper.swift in Sources */ = {isa = PBXBuildFile; fileRef = 0B0F8AC22C71C616004440B7 /* APIClientErrorWrapper.swift */; };
		0B0F8AC52C71C63F004440B7 /* KueskiMovieDBError.swift in Sources */ = {isa = PBXBuildFile; fileRef = 0B0F8AC42C71C63F004440B7 /* KueskiMovieDBError.swift */; };
		0B0F8AC82C71C666004440B7 /* APIRequest.swift in Sources */ = {isa = PBXBuildFile; fileRef = 0B0F8AC72C71C666004440B7 /* APIRequest.swift */; };
		0B0F8ACB2C71C690004440B7 /* HTTPRequestMethod.swift in Sources */ = {isa = PBXBuildFile; fileRef = 0B0F8ACA2C71C690004440B7 /* HTTPRequestMethod.swift */; };
		0B0F8ACE2C71C6B0004440B7 /* HTTPParametersEncoding.swift in Sources */ = {isa = PBXBuildFile; fileRef = 0B0F8ACD2C71C6B0004440B7 /* HTTPParametersEncoding.swift */; };
		0B0F8AD12C71C6EB004440B7 /* APIClient.swift in Sources */ = {isa = PBXBuildFile; fileRef = 0B0F8AD02C71C6EB004440B7 /* APIClient.swift */; };
		0B0F8AD32C71C701004440B7 /* URLSessionAPIClient.swift in Sources */ = {isa = PBXBuildFile; fileRef = 0B0F8AD22C71C701004440B7 /* URLSessionAPIClient.swift */; };
		0B0F8AD62C71C764004440B7 /* APIClientAuthorizationType.swift in Sources */ = {isa = PBXBuildFile; fileRef = 0B0F8AD52C71C764004440B7 /* APIClientAuthorizationType.swift */; };
		0B0F8AD92C71C78F004440B7 /* APIResponseDecoder.swift in Sources */ = {isa = PBXBuildFile; fileRef = 0B0F8AD82C71C78F004440B7 /* APIResponseDecoder.swift */; };
		0B0F8ADC2C71C7C2004440B7 /* MappeableType.swift in Sources */ = {isa = PBXBuildFile; fileRef = 0B0F8ADB2C71C7C2004440B7 /* MappeableType.swift */; };
		0B0F8AE12C71C840004440B7 /* DefaultAsyncRepository.swift in Sources */ = {isa = PBXBuildFile; fileRef = 0B0F8AE02C71C840004440B7 /* DefaultAsyncRepository.swift */; };
		0B0F8AE32C71C859004440B7 /* AsyncRepository.swift in Sources */ = {isa = PBXBuildFile; fileRef = 0B0F8AE22C71C859004440B7 /* AsyncRepository.swift */; };
		0B0F8AE62C71C893004440B7 /* AuthorizationTokenProvder.swift in Sources */ = {isa = PBXBuildFile; fileRef = 0B0F8AE52C71C893004440B7 /* AuthorizationTokenProvder.swift */; };
		0B0F8AE92C71C8C2004440B7 /* APIResponseErrorMapper.swift in Sources */ = {isa = PBXBuildFile; fileRef = 0B0F8AE82C71C8C2004440B7 /* APIResponseErrorMapper.swift */; };
		0B0F8AEC2C71C8F5004440B7 /* DefaultAPIClientErrorMapper.swift in Sources */ = {isa = PBXBuildFile; fileRef = 0B0F8AEB2C71C8F5004440B7 /* DefaultAPIClientErrorMapper.swift */; };
		0B0F8AF42C71C9FF004440B7 /* ReleaseType.swift in Sources */ = {isa = PBXBuildFile; fileRef = 0B0F8AF32C71C9FF004440B7 /* ReleaseType.swift */; };
		0B0F8AF62C71CA10004440B7 /* LanguageType.swift in Sources */ = {isa = PBXBuildFile; fileRef = 0B0F8AF52C71CA10004440B7 /* LanguageType.swift */; };
		0B0F8AF82C71CA20004440B7 /* SortByType.swift in Sources */ = {isa = PBXBuildFile; fileRef = 0B0F8AF72C71CA20004440B7 /* SortByType.swift */; };
		0B0F8AFA2C71CA3B004440B7 /* MoviesQueryParams.swift in Sources */ = {isa = PBXBuildFile; fileRef = 0B0F8AF92C71CA3B004440B7 /* MoviesQueryParams.swift */; };
		0B0F8AFE2C71CACC004440B7 /* Date+Ext.swift in Sources */ = {isa = PBXBuildFile; fileRef = 0B0F8AFD2C71CACC004440B7 /* Date+Ext.swift */; };
		0B0F8B002C71CB05004440B7 /* Array+Ext.swift in Sources */ = {isa = PBXBuildFile; fileRef = 0B0F8AFF2C71CB05004440B7 /* Array+Ext.swift */; };
		0B0F8B032C71CB58004440B7 /* ImageSizeType.swift in Sources */ = {isa = PBXBuildFile; fileRef = 0B0F8B022C71CB58004440B7 /* ImageSizeType.swift */; };
		0B0F8B052C71CB6E004440B7 /* ImageQueryParams.swift in Sources */ = {isa = PBXBuildFile; fileRef = 0B0F8B042C71CB6E004440B7 /* ImageQueryParams.swift */; };
		0B0F8B082C71CBCE004440B7 /* GetNowPlayingMoviesEndpoint.swift in Sources */ = {isa = PBXBuildFile; fileRef = 0B0F8B072C71CBCE004440B7 /* GetNowPlayingMoviesEndpoint.swift */; };
		0B0F8B0A2C71CC2A004440B7 /* String+Ext.swift in Sources */ = {isa = PBXBuildFile; fileRef = 0B0F8B092C71CC2A004440B7 /* String+Ext.swift */; };
		0B0F8B0D2C71CC5C004440B7 /* Configuration.swift in Sources */ = {isa = PBXBuildFile; fileRef = 0B0F8B0C2C71CC5C004440B7 /* Configuration.swift */; };
		0B0F8B102C71CC8E004440B7 /* ConfigurationConstantsKey.swift in Sources */ = {isa = PBXBuildFile; fileRef = 0B0F8B0F2C71CC8E004440B7 /* ConfigurationConstantsKey.swift */; };
		0B0F8B122C71CCD7004440B7 /* KueskiMovieDBConfiguration.plist in Resources */ = {isa = PBXBuildFile; fileRef = 0B0F8B112C71CCD7004440B7 /* KueskiMovieDBConfiguration.plist */; };
		0B0F8B152C71CDB0004440B7 /* GlobalFunctions.swift in Sources */ = {isa = PBXBuildFile; fileRef = 0B0F8B142C71CDAF004440B7 /* GlobalFunctions.swift */; };
		0B0F8B182C71CE0D004440B7 /* VoidableAPIResponseDecoder.swift in Sources */ = {isa = PBXBuildFile; fileRef = 0B0F8B172C71CE0D004440B7 /* VoidableAPIResponseDecoder.swift */; };
		0B0F8B1C2C71CE5C004440B7 /* Decodable+Ext.swift in Sources */ = {isa = PBXBuildFile; fileRef = 0B0F8B1B2C71CE5C004440B7 /* Decodable+Ext.swift */; };
		0B0F8B202C71D015004440B7 /* NowPlayingMoviesListUseCase.swift in Sources */ = {isa = PBXBuildFile; fileRef = 0B0F8B1F2C71D015004440B7 /* NowPlayingMoviesListUseCase.swift */; };
		0B0F8B232C71D05E004440B7 /* MovieResponse.swift in Sources */ = {isa = PBXBuildFile; fileRef = 0B0F8B222C71D05E004440B7 /* MovieResponse.swift */; };
		0B0F8B252C71D075004440B7 /* GenreType.swift in Sources */ = {isa = PBXBuildFile; fileRef = 0B0F8B242C71D075004440B7 /* GenreType.swift */; };
		0B0F8B282C71D4CA004440B7 /* Encodable+Ext.swift in Sources */ = {isa = PBXBuildFile; fileRef = 0B0F8B272C71D4CA004440B7 /* Encodable+Ext.swift */; };
		0B0F8B2B2C71D53E004440B7 /* MovieDBTokenProvider.swift in Sources */ = {isa = PBXBuildFile; fileRef = 0B0F8B2A2C71D53E004440B7 /* MovieDBTokenProvider.swift */; };
		0B0F8B2D2C71D566004440B7 /* AuthorizationTokenProviderManager.swift in Sources */ = {isa = PBXBuildFile; fileRef = 0B0F8B2C2C71D566004440B7 /* AuthorizationTokenProviderManager.swift */; };
		0B0F8B412C71E170004440B7 /* GenericCollectionViewDataSource.swift in Sources */ = {isa = PBXBuildFile; fileRef = 0B0F8B402C71E170004440B7 /* GenericCollectionViewDataSource.swift */; };
		0B0F8B442C71E332004440B7 /* GenericCollectionViewDelegate.swift in Sources */ = {isa = PBXBuildFile; fileRef = 0B0F8B432C71E332004440B7 /* GenericCollectionViewDelegate.swift */; };
		0B0F8B472C71E3F6004440B7 /* CollectionViewLayoutAnimator.swift in Sources */ = {isa = PBXBuildFile; fileRef = 0B0F8B462C71E3F6004440B7 /* CollectionViewLayoutAnimator.swift */; };
		0B0F8B4A2C71E4C1004440B7 /* GenericCollectionViewProtocols.swift in Sources */ = {isa = PBXBuildFile; fileRef = 0B0F8B492C71E4C1004440B7 /* GenericCollectionViewProtocols.swift */; };
		0B0F8B4D2C71E58E004440B7 /* MoviesProtocols.swift in Sources */ = {isa = PBXBuildFile; fileRef = 0B0F8B4C2C71E58E004440B7 /* MoviesProtocols.swift */; };
		0B0F8B502C71E5C7004440B7 /* DefaultCellConfigurator.swift in Sources */ = {isa = PBXBuildFile; fileRef = 0B0F8B4F2C71E5C7004440B7 /* DefaultCellConfigurator.swift */; };
		0B0F8B532C71E5FB004440B7 /* ListLayoutProvider.swift in Sources */ = {isa = PBXBuildFile; fileRef = 0B0F8B522C71E5FB004440B7 /* ListLayoutProvider.swift */; };
		0B0F8B552C71E613004440B7 /* GridLayoutProvider.swift in Sources */ = {isa = PBXBuildFile; fileRef = 0B0F8B542C71E613004440B7 /* GridLayoutProvider.swift */; };
		0B0F8B582C71E89C004440B7 /* MoviesInteractor.swift in Sources */ = {isa = PBXBuildFile; fileRef = 0B0F8B572C71E89C004440B7 /* MoviesInteractor.swift */; };
		0B0F8B5B2C71E9FB004440B7 /* MoviesPresenter.swift in Sources */ = {isa = PBXBuildFile; fileRef = 0B0F8B5A2C71E9FB004440B7 /* MoviesPresenter.swift */; };
		0B0F8B5D2C71F3FD004440B7 /* FloatingPoint+Ext.swift in Sources */ = {isa = PBXBuildFile; fileRef = 0B0F8B5C2C71F3FD004440B7 /* FloatingPoint+Ext.swift */; };
		0B0F8B5F2C71F683004440B7 /* UIFont+Ext.swift in Sources */ = {isa = PBXBuildFile; fileRef = 0B0F8B5E2C71F683004440B7 /* UIFont+Ext.swift */; };
/* End PBXBuildFile section */

/* Begin PBXContainerItemProxy section */
		0B0F8A702C715BB7004440B7 /* PBXContainerItemProxy */ = {
			isa = PBXContainerItemProxy;
			containerPortal = 0B0F8A4E2C715BB3004440B7 /* Project object */;
			proxyType = 1;
			remoteGlobalIDString = 0B0F8A552C715BB3004440B7;
			remoteInfo = KueskiMovieDB;
		};
		0B0F8A7A2C715BB7004440B7 /* PBXContainerItemProxy */ = {
			isa = PBXContainerItemProxy;
			containerPortal = 0B0F8A4E2C715BB3004440B7 /* Project object */;
			proxyType = 1;
			remoteGlobalIDString = 0B0F8A552C715BB3004440B7;
			remoteInfo = KueskiMovieDB;
		};
/* End PBXContainerItemProxy section */

/* Begin PBXFileReference section */
		0B0F8A562C715BB3004440B7 /* KueskiMovieDB.app */ = {isa = PBXFileReference; explicitFileType = wrapper.application; includeInIndex = 0; path = KueskiMovieDB.app; sourceTree = BUILT_PRODUCTS_DIR; };
		0B0F8A592C715BB3004440B7 /* AppDelegate.swift */ = {isa = PBXFileReference; lastKnownFileType = sourcecode.swift; path = AppDelegate.swift; sourceTree = "<group>"; };
		0B0F8A5B2C715BB3004440B7 /* SceneDelegate.swift */ = {isa = PBXFileReference; lastKnownFileType = sourcecode.swift; path = SceneDelegate.swift; sourceTree = "<group>"; };
		0B0F8A602C715BB3004440B7 /* Base */ = {isa = PBXFileReference; lastKnownFileType = file.storyboard; name = Base; path = Base.lproj/Main.storyboard; sourceTree = "<group>"; };
		0B0F8A632C715BB3004440B7 /* KueskiMovieDB.xcdatamodel */ = {isa = PBXFileReference; lastKnownFileType = wrapper.xcdatamodel; path = KueskiMovieDB.xcdatamodel; sourceTree = "<group>"; };
		0B0F8A652C715BB6004440B7 /* Assets.xcassets */ = {isa = PBXFileReference; lastKnownFileType = folder.assetcatalog; path = Assets.xcassets; sourceTree = "<group>"; };
		0B0F8A682C715BB6004440B7 /* Base */ = {isa = PBXFileReference; lastKnownFileType = file.storyboard; name = Base; path = Base.lproj/LaunchScreen.storyboard; sourceTree = "<group>"; };
		0B0F8A6A2C715BB6004440B7 /* Info.plist */ = {isa = PBXFileReference; lastKnownFileType = text.plist.xml; path = Info.plist; sourceTree = "<group>"; };
		0B0F8A6F2C715BB7004440B7 /* KueskiMovieDBTests.xctest */ = {isa = PBXFileReference; explicitFileType = wrapper.cfbundle; includeInIndex = 0; path = KueskiMovieDBTests.xctest; sourceTree = BUILT_PRODUCTS_DIR; };
		0B0F8A732C715BB7004440B7 /* KueskiMovieDBTests.swift */ = {isa = PBXFileReference; lastKnownFileType = sourcecode.swift; path = KueskiMovieDBTests.swift; sourceTree = "<group>"; };
		0B0F8A792C715BB7004440B7 /* KueskiMovieDBUITests.xctest */ = {isa = PBXFileReference; explicitFileType = wrapper.cfbundle; includeInIndex = 0; path = KueskiMovieDBUITests.xctest; sourceTree = BUILT_PRODUCTS_DIR; };
		0B0F8A7D2C715BB7004440B7 /* KueskiMovieDBUITests.swift */ = {isa = PBXFileReference; lastKnownFileType = sourcecode.swift; path = KueskiMovieDBUITests.swift; sourceTree = "<group>"; };
		0B0F8A7F2C715BB7004440B7 /* KueskiMovieDBUITestsLaunchTests.swift */ = {isa = PBXFileReference; lastKnownFileType = sourcecode.swift; path = KueskiMovieDBUITestsLaunchTests.swift; sourceTree = "<group>"; };
		0B0F8A902C7167F2004440B7 /* NavigationFactory.swift */ = {isa = PBXFileReference; lastKnownFileType = sourcecode.swift; path = NavigationFactory.swift; sourceTree = "<group>"; };
		0B0F8A962C7168B1004440B7 /* MoviesViewController.swift */ = {isa = PBXFileReference; lastKnownFileType = sourcecode.swift; path = MoviesViewController.swift; sourceTree = "<group>"; };
		0B0F8A992C7168E6004440B7 /* MoviesFactory.swift */ = {isa = PBXFileReference; lastKnownFileType = sourcecode.swift; path = MoviesFactory.swift; sourceTree = "<group>"; };
		0B0F8A9D2C716971004440B7 /* MovieTabBarView.swift */ = {isa = PBXFileReference; lastKnownFileType = sourcecode.swift; path = MovieTabBarView.swift; sourceTree = "<group>"; };
		0B0F8AA02C7169A0004440B7 /* TabBarRouter.swift */ = {isa = PBXFileReference; lastKnownFileType = sourcecode.swift; path = TabBarRouter.swift; sourceTree = "<group>"; };
		0B0F8AA32C7169C7004440B7 /* TabBarFactory.swift */ = {isa = PBXFileReference; lastKnownFileType = sourcecode.swift; path = TabBarFactory.swift; sourceTree = "<group>"; };
		0B0F8AA82C716BD8004440B7 /* GenericCollectionView.swift */ = {isa = PBXFileReference; lastKnownFileType = sourcecode.swift; path = GenericCollectionView.swift; sourceTree = "<group>"; };
		0B0F8AAB2C716EDA004440B7 /* MovieListCollectionViewCell.swift */ = {isa = PBXFileReference; lastKnownFileType = sourcecode.swift; path = MovieListCollectionViewCell.swift; sourceTree = "<group>"; };
		0B0F8AB12C719001004440B7 /* MovieListCollectionViewCell+Layout.swift */ = {isa = PBXFileReference; lastKnownFileType = sourcecode.swift; path = "MovieListCollectionViewCell+Layout.swift"; sourceTree = "<group>"; };
		0B0F8AB32C71ACF7004440B7 /* MovieListCollectionViewCell+Components.swift */ = {isa = PBXFileReference; lastKnownFileType = sourcecode.swift; path = "MovieListCollectionViewCell+Components.swift"; sourceTree = "<group>"; };
		0B0F8AB62C71AE8B004440B7 /* MovieGridCollectionViewCell.swift */ = {isa = PBXFileReference; lastKnownFileType = sourcecode.swift; path = MovieGridCollectionViewCell.swift; sourceTree = "<group>"; };
		0B0F8AB82C71AEE0004440B7 /* MovieGridCollectionViewCell+Layout.swift */ = {isa = PBXFileReference; lastKnownFileType = sourcecode.swift; path = "MovieGridCollectionViewCell+Layout.swift"; sourceTree = "<group>"; };
		0B0F8ABA2C71AF0F004440B7 /* MovieGridCollectionViewCell+Components.swift */ = {isa = PBXFileReference; lastKnownFileType = sourcecode.swift; path = "MovieGridCollectionViewCell+Components.swift"; sourceTree = "<group>"; };
		0B0F8ABC2C71B697004440B7 /* ListCollectionViewLayout.swift */ = {isa = PBXFileReference; lastKnownFileType = sourcecode.swift; path = ListCollectionViewLayout.swift; sourceTree = "<group>"; };
		0B0F8ABE2C71B6BB004440B7 /* GridCollectionViewLayout.swift */ = {isa = PBXFileReference; lastKnownFileType = sourcecode.swift; path = GridCollectionViewLayout.swift; sourceTree = "<group>"; };
		0B0F8AC22C71C616004440B7 /* APIClientErrorWrapper.swift */ = {isa = PBXFileReference; lastKnownFileType = sourcecode.swift; path = APIClientErrorWrapper.swift; sourceTree = "<group>"; };
		0B0F8AC42C71C63F004440B7 /* KueskiMovieDBError.swift */ = {isa = PBXFileReference; lastKnownFileType = sourcecode.swift; path = KueskiMovieDBError.swift; sourceTree = "<group>"; };
		0B0F8AC72C71C666004440B7 /* APIRequest.swift */ = {isa = PBXFileReference; lastKnownFileType = sourcecode.swift; path = APIRequest.swift; sourceTree = "<group>"; };
		0B0F8ACA2C71C690004440B7 /* HTTPRequestMethod.swift */ = {isa = PBXFileReference; lastKnownFileType = sourcecode.swift; path = HTTPRequestMethod.swift; sourceTree = "<group>"; };
		0B0F8ACD2C71C6B0004440B7 /* HTTPParametersEncoding.swift */ = {isa = PBXFileReference; lastKnownFileType = sourcecode.swift; path = HTTPParametersEncoding.swift; sourceTree = "<group>"; };
		0B0F8AD02C71C6EB004440B7 /* APIClient.swift */ = {isa = PBXFileReference; lastKnownFileType = sourcecode.swift; path = APIClient.swift; sourceTree = "<group>"; };
		0B0F8AD22C71C701004440B7 /* URLSessionAPIClient.swift */ = {isa = PBXFileReference; lastKnownFileType = sourcecode.swift; path = URLSessionAPIClient.swift; sourceTree = "<group>"; };
		0B0F8AD52C71C764004440B7 /* APIClientAuthorizationType.swift */ = {isa = PBXFileReference; lastKnownFileType = sourcecode.swift; path = APIClientAuthorizationType.swift; sourceTree = "<group>"; };
		0B0F8AD82C71C78F004440B7 /* APIResponseDecoder.swift */ = {isa = PBXFileReference; lastKnownFileType = sourcecode.swift; path = APIResponseDecoder.swift; sourceTree = "<group>"; };
		0B0F8ADB2C71C7C2004440B7 /* MappeableType.swift */ = {isa = PBXFileReference; lastKnownFileType = sourcecode.swift; path = MappeableType.swift; sourceTree = "<group>"; };
		0B0F8AE02C71C840004440B7 /* DefaultAsyncRepository.swift */ = {isa = PBXFileReference; lastKnownFileType = sourcecode.swift; path = DefaultAsyncRepository.swift; sourceTree = "<group>"; };
		0B0F8AE22C71C859004440B7 /* AsyncRepository.swift */ = {isa = PBXFileReference; lastKnownFileType = sourcecode.swift; path = AsyncRepository.swift; sourceTree = "<group>"; };
		0B0F8AE52C71C893004440B7 /* AuthorizationTokenProvder.swift */ = {isa = PBXFileReference; lastKnownFileType = sourcecode.swift; path = AuthorizationTokenProvder.swift; sourceTree = "<group>"; };
		0B0F8AE82C71C8C2004440B7 /* APIResponseErrorMapper.swift */ = {isa = PBXFileReference; lastKnownFileType = sourcecode.swift; path = APIResponseErrorMapper.swift; sourceTree = "<group>"; };
		0B0F8AEB2C71C8F5004440B7 /* DefaultAPIClientErrorMapper.swift */ = {isa = PBXFileReference; lastKnownFileType = sourcecode.swift; path = DefaultAPIClientErrorMapper.swift; sourceTree = "<group>"; };
		0B0F8AF32C71C9FF004440B7 /* ReleaseType.swift */ = {isa = PBXFileReference; lastKnownFileType = sourcecode.swift; path = ReleaseType.swift; sourceTree = "<group>"; };
		0B0F8AF52C71CA10004440B7 /* LanguageType.swift */ = {isa = PBXFileReference; lastKnownFileType = sourcecode.swift; path = LanguageType.swift; sourceTree = "<group>"; };
		0B0F8AF72C71CA20004440B7 /* SortByType.swift */ = {isa = PBXFileReference; lastKnownFileType = sourcecode.swift; path = SortByType.swift; sourceTree = "<group>"; };
		0B0F8AF92C71CA3B004440B7 /* MoviesQueryParams.swift */ = {isa = PBXFileReference; lastKnownFileType = sourcecode.swift; path = MoviesQueryParams.swift; sourceTree = "<group>"; };
		0B0F8AFD2C71CACC004440B7 /* Date+Ext.swift */ = {isa = PBXFileReference; lastKnownFileType = sourcecode.swift; path = "Date+Ext.swift"; sourceTree = "<group>"; };
		0B0F8AFF2C71CB05004440B7 /* Array+Ext.swift */ = {isa = PBXFileReference; lastKnownFileType = sourcecode.swift; path = "Array+Ext.swift"; sourceTree = "<group>"; };
		0B0F8B022C71CB58004440B7 /* ImageSizeType.swift */ = {isa = PBXFileReference; lastKnownFileType = sourcecode.swift; path = ImageSizeType.swift; sourceTree = "<group>"; };
		0B0F8B042C71CB6E004440B7 /* ImageQueryParams.swift */ = {isa = PBXFileReference; lastKnownFileType = sourcecode.swift; path = ImageQueryParams.swift; sourceTree = "<group>"; };
		0B0F8B072C71CBCE004440B7 /* GetNowPlayingMoviesEndpoint.swift */ = {isa = PBXFileReference; lastKnownFileType = sourcecode.swift; path = GetNowPlayingMoviesEndpoint.swift; sourceTree = "<group>"; };
		0B0F8B092C71CC2A004440B7 /* String+Ext.swift */ = {isa = PBXFileReference; lastKnownFileType = sourcecode.swift; path = "String+Ext.swift"; sourceTree = "<group>"; };
		0B0F8B0C2C71CC5C004440B7 /* Configuration.swift */ = {isa = PBXFileReference; lastKnownFileType = sourcecode.swift; path = Configuration.swift; sourceTree = "<group>"; };
		0B0F8B0F2C71CC8E004440B7 /* ConfigurationConstantsKey.swift */ = {isa = PBXFileReference; lastKnownFileType = sourcecode.swift; path = ConfigurationConstantsKey.swift; sourceTree = "<group>"; };
		0B0F8B112C71CCD7004440B7 /* KueskiMovieDBConfiguration.plist */ = {isa = PBXFileReference; lastKnownFileType = text.plist.xml; path = KueskiMovieDBConfiguration.plist; sourceTree = "<group>"; };
		0B0F8B142C71CDAF004440B7 /* GlobalFunctions.swift */ = {isa = PBXFileReference; lastKnownFileType = sourcecode.swift; path = GlobalFunctions.swift; sourceTree = "<group>"; };
		0B0F8B172C71CE0D004440B7 /* VoidableAPIResponseDecoder.swift */ = {isa = PBXFileReference; lastKnownFileType = sourcecode.swift; path = VoidableAPIResponseDecoder.swift; sourceTree = "<group>"; };
		0B0F8B1B2C71CE5C004440B7 /* Decodable+Ext.swift */ = {isa = PBXFileReference; lastKnownFileType = sourcecode.swift; path = "Decodable+Ext.swift"; sourceTree = "<group>"; };
		0B0F8B1F2C71D015004440B7 /* NowPlayingMoviesListUseCase.swift */ = {isa = PBXFileReference; lastKnownFileType = sourcecode.swift; path = NowPlayingMoviesListUseCase.swift; sourceTree = "<group>"; };
		0B0F8B222C71D05E004440B7 /* MovieResponse.swift */ = {isa = PBXFileReference; lastKnownFileType = sourcecode.swift; path = MovieResponse.swift; sourceTree = "<group>"; };
		0B0F8B242C71D075004440B7 /* GenreType.swift */ = {isa = PBXFileReference; lastKnownFileType = sourcecode.swift; path = GenreType.swift; sourceTree = "<group>"; };
		0B0F8B272C71D4CA004440B7 /* Encodable+Ext.swift */ = {isa = PBXFileReference; lastKnownFileType = sourcecode.swift; path = "Encodable+Ext.swift"; sourceTree = "<group>"; };
		0B0F8B2A2C71D53E004440B7 /* MovieDBTokenProvider.swift */ = {isa = PBXFileReference; lastKnownFileType = sourcecode.swift; path = MovieDBTokenProvider.swift; sourceTree = "<group>"; };
		0B0F8B2C2C71D566004440B7 /* AuthorizationTokenProviderManager.swift */ = {isa = PBXFileReference; lastKnownFileType = sourcecode.swift; path = AuthorizationTokenProviderManager.swift; sourceTree = "<group>"; };
		0B0F8B402C71E170004440B7 /* GenericCollectionViewDataSource.swift */ = {isa = PBXFileReference; lastKnownFileType = sourcecode.swift; path = GenericCollectionViewDataSource.swift; sourceTree = "<group>"; };
		0B0F8B432C71E332004440B7 /* GenericCollectionViewDelegate.swift */ = {isa = PBXFileReference; lastKnownFileType = sourcecode.swift; path = GenericCollectionViewDelegate.swift; sourceTree = "<group>"; };
		0B0F8B462C71E3F6004440B7 /* CollectionViewLayoutAnimator.swift */ = {isa = PBXFileReference; lastKnownFileType = sourcecode.swift; path = CollectionViewLayoutAnimator.swift; sourceTree = "<group>"; };
		0B0F8B492C71E4C1004440B7 /* GenericCollectionViewProtocols.swift */ = {isa = PBXFileReference; lastKnownFileType = sourcecode.swift; path = GenericCollectionViewProtocols.swift; sourceTree = "<group>"; };
		0B0F8B4C2C71E58E004440B7 /* MoviesProtocols.swift */ = {isa = PBXFileReference; lastKnownFileType = sourcecode.swift; path = MoviesProtocols.swift; sourceTree = "<group>"; };
		0B0F8B4F2C71E5C7004440B7 /* DefaultCellConfigurator.swift */ = {isa = PBXFileReference; lastKnownFileType = sourcecode.swift; path = DefaultCellConfigurator.swift; sourceTree = "<group>"; };
		0B0F8B522C71E5FB004440B7 /* ListLayoutProvider.swift */ = {isa = PBXFileReference; lastKnownFileType = sourcecode.swift; path = ListLayoutProvider.swift; sourceTree = "<group>"; };
		0B0F8B542C71E613004440B7 /* GridLayoutProvider.swift */ = {isa = PBXFileReference; lastKnownFileType = sourcecode.swift; path = GridLayoutProvider.swift; sourceTree = "<group>"; };
		0B0F8B572C71E89C004440B7 /* MoviesInteractor.swift */ = {isa = PBXFileReference; lastKnownFileType = sourcecode.swift; path = MoviesInteractor.swift; sourceTree = "<group>"; };
		0B0F8B5A2C71E9FB004440B7 /* MoviesPresenter.swift */ = {isa = PBXFileReference; lastKnownFileType = sourcecode.swift; path = MoviesPresenter.swift; sourceTree = "<group>"; };
		0B0F8B5C2C71F3FD004440B7 /* FloatingPoint+Ext.swift */ = {isa = PBXFileReference; lastKnownFileType = sourcecode.swift; path = "FloatingPoint+Ext.swift"; sourceTree = "<group>"; };
		0B0F8B5E2C71F683004440B7 /* UIFont+Ext.swift */ = {isa = PBXFileReference; lastKnownFileType = sourcecode.swift; path = "UIFont+Ext.swift"; sourceTree = "<group>"; };
/* End PBXFileReference section */

/* Begin PBXFrameworksBuildPhase section */
		0B0F8A532C715BB3004440B7 /* Frameworks */ = {
			isa = PBXFrameworksBuildPhase;
			buildActionMask = 2147483647;
			files = (
			);
			runOnlyForDeploymentPostprocessing = 0;
		};
		0B0F8A6C2C715BB7004440B7 /* Frameworks */ = {
			isa = PBXFrameworksBuildPhase;
			buildActionMask = 2147483647;
			files = (
			);
			runOnlyForDeploymentPostprocessing = 0;
		};
		0B0F8A762C715BB7004440B7 /* Frameworks */ = {
			isa = PBXFrameworksBuildPhase;
			buildActionMask = 2147483647;
			files = (
			);
			runOnlyForDeploymentPostprocessing = 0;
		};
/* End PBXFrameworksBuildPhase section */

/* Begin PBXGroup section */
		0B0F8A4D2C715BB3004440B7 = {
			isa = PBXGroup;
			children = (
				0B0F8A582C715BB3004440B7 /* KueskiMovieDB */,
				0B0F8A722C715BB7004440B7 /* KueskiMovieDBTests */,
				0B0F8A7C2C715BB7004440B7 /* KueskiMovieDBUITests */,
				0B0F8A572C715BB3004440B7 /* Products */,
			);
			sourceTree = "<group>";
		};
		0B0F8A572C715BB3004440B7 /* Products */ = {
			isa = PBXGroup;
			children = (
				0B0F8A562C715BB3004440B7 /* KueskiMovieDB.app */,
				0B0F8A6F2C715BB7004440B7 /* KueskiMovieDBTests.xctest */,
				0B0F8A792C715BB7004440B7 /* KueskiMovieDBUITests.xctest */,
			);
			name = Products;
			sourceTree = "<group>";
		};
		0B0F8A582C715BB3004440B7 /* KueskiMovieDB */ = {
			isa = PBXGroup;
			children = (
				0B0F8ADD2C71C817004440B7 /* Core */,
				0B0F8AC02C71C5FA004440B7 /* Network */,
				0B0F8A922C71680F004440B7 /* Modules */,
				0B0F8A8C2C71673C004440B7 /* Resources */,
				0B0F8A592C715BB3004440B7 /* AppDelegate.swift */,
				0B0F8A5B2C715BB3004440B7 /* SceneDelegate.swift */,
				0B0F8A5F2C715BB3004440B7 /* Main.storyboard */,
				0B0F8A6A2C715BB6004440B7 /* Info.plist */,
				0B0F8A672C715BB6004440B7 /* LaunchScreen.storyboard */,
				0B0F8A622C715BB3004440B7 /* KueskiMovieDB.xcdatamodeld */,
			);
			path = KueskiMovieDB;
			sourceTree = "<group>";
		};
		0B0F8A722C715BB7004440B7 /* KueskiMovieDBTests */ = {
			isa = PBXGroup;
			children = (
				0B0F8A732C715BB7004440B7 /* KueskiMovieDBTests.swift */,
			);
			path = KueskiMovieDBTests;
			sourceTree = "<group>";
		};
		0B0F8A7C2C715BB7004440B7 /* KueskiMovieDBUITests */ = {
			isa = PBXGroup;
			children = (
				0B0F8A7D2C715BB7004440B7 /* KueskiMovieDBUITests.swift */,
				0B0F8A7F2C715BB7004440B7 /* KueskiMovieDBUITestsLaunchTests.swift */,
			);
			path = KueskiMovieDBUITests;
			sourceTree = "<group>";
		};
		0B0F8A8C2C71673C004440B7 /* Resources */ = {
			isa = PBXGroup;
			children = (
				0B0F8A652C715BB6004440B7 /* Assets.xcassets */,
				0B0F8B112C71CCD7004440B7 /* KueskiMovieDBConfiguration.plist */,
			);
			path = Resources;
			sourceTree = "<group>";
		};
		0B0F8A8E2C7167CE004440B7 /* Navigation */ = {
			isa = PBXGroup;
			children = (
				0B0F8A8F2C7167DE004440B7 /* Factory */,
			);
			path = Navigation;
			sourceTree = "<group>";
		};
		0B0F8A8F2C7167DE004440B7 /* Factory */ = {
			isa = PBXGroup;
			children = (
				0B0F8A902C7167F2004440B7 /* NavigationFactory.swift */,
			);
			path = Factory;
			sourceTree = "<group>";
		};
		0B0F8A922C71680F004440B7 /* Modules */ = {
			isa = PBXGroup;
			children = (
				0B0F8AA52C716B8A004440B7 /* Commons */,
				0B0F8A942C716879004440B7 /* Movies */,
				0B0F8A9B2C71691D004440B7 /* TabBar */,
				0B0F8A8E2C7167CE004440B7 /* Navigation */,
			);
			path = Modules;
			sourceTree = "<group>";
		};
		0B0F8A942C716879004440B7 /* Movies */ = {
			isa = PBXGroup;
			children = (
				0B0F8B592C71E9E1004440B7 /* Presenter */,
				0B0F8B562C71E87E004440B7 /* Interactor */,
				0B0F8B4B2C71E57C004440B7 /* Protocols */,
				0B0F8A982C7168CB004440B7 /* Factory */,
				0B0F8A952C716887004440B7 /* View */,
			);
			path = Movies;
			sourceTree = "<group>";
		};
		0B0F8A952C716887004440B7 /* View */ = {
			isa = PBXGroup;
			children = (
				0B0F8B512C71E5EB004440B7 /* Providers */,
				0B0F8B4E2C71E5AE004440B7 /* CellConfigurator */,
				0B0F8A962C7168B1004440B7 /* MoviesViewController.swift */,
			);
			path = View;
			sourceTree = "<group>";
		};
		0B0F8A982C7168CB004440B7 /* Factory */ = {
			isa = PBXGroup;
			children = (
				0B0F8A992C7168E6004440B7 /* MoviesFactory.swift */,
			);
			path = Factory;
			sourceTree = "<group>";
		};
		0B0F8A9B2C71691D004440B7 /* TabBar */ = {
			isa = PBXGroup;
			children = (
				0B0F8AA22C7169BA004440B7 /* Factory */,
				0B0F8A9F2C716990004440B7 /* Router */,
				0B0F8A9C2C71695B004440B7 /* View */,
			);
			path = TabBar;
			sourceTree = "<group>";
		};
		0B0F8A9C2C71695B004440B7 /* View */ = {
			isa = PBXGroup;
			children = (
				0B0F8A9D2C716971004440B7 /* MovieTabBarView.swift */,
			);
			path = View;
			sourceTree = "<group>";
		};
		0B0F8A9F2C716990004440B7 /* Router */ = {
			isa = PBXGroup;
			children = (
				0B0F8AA02C7169A0004440B7 /* TabBarRouter.swift */,
			);
			path = Router;
			sourceTree = "<group>";
		};
		0B0F8AA22C7169BA004440B7 /* Factory */ = {
			isa = PBXGroup;
			children = (
				0B0F8AA32C7169C7004440B7 /* TabBarFactory.swift */,
			);
			path = Factory;
			sourceTree = "<group>";
		};
		0B0F8AA52C716B8A004440B7 /* Commons */ = {
			isa = PBXGroup;
			children = (
				0B0F8AA62C716BA7004440B7 /* GenericCollectionView */,
			);
			path = Commons;
			sourceTree = "<group>";
		};
		0B0F8AA62C716BA7004440B7 /* GenericCollectionView */ = {
			isa = PBXGroup;
			children = (
				0B0F8AAD2C717762004440B7 /* Layout */,
				0B0F8AAA2C716EBA004440B7 /* Cell */,
				0B0F8AA72C716BBF004440B7 /* CollectionView */,
			);
			path = GenericCollectionView;
			sourceTree = "<group>";
		};
		0B0F8AA72C716BBF004440B7 /* CollectionView */ = {
			isa = PBXGroup;
			children = (
				0B0F8B482C71E4A5004440B7 /* Protocols */,
				0B0F8B452C71E3EB004440B7 /* Animator */,
				0B0F8B422C71E318004440B7 /* Delegate */,
				0B0F8B3F2C71E160004440B7 /* Datasource */,
				0B0F8AA82C716BD8004440B7 /* GenericCollectionView.swift */,
			);
			path = CollectionView;
			sourceTree = "<group>";
		};
		0B0F8AAA2C716EBA004440B7 /* Cell */ = {
			isa = PBXGroup;
			children = (
				0B0F8AB52C71AE72004440B7 /* Grid */,
				0B0F8AB02C718FE3004440B7 /* List */,
			);
			path = Cell;
			sourceTree = "<group>";
		};
		0B0F8AAD2C717762004440B7 /* Layout */ = {
			isa = PBXGroup;
			children = (
				0B0F8ABC2C71B697004440B7 /* ListCollectionViewLayout.swift */,
				0B0F8ABE2C71B6BB004440B7 /* GridCollectionViewLayout.swift */,
			);
			path = Layout;
			sourceTree = "<group>";
		};
		0B0F8AB02C718FE3004440B7 /* List */ = {
			isa = PBXGroup;
			children = (
				0B0F8AAB2C716EDA004440B7 /* MovieListCollectionViewCell.swift */,
				0B0F8AB12C719001004440B7 /* MovieListCollectionViewCell+Layout.swift */,
				0B0F8AB32C71ACF7004440B7 /* MovieListCollectionViewCell+Components.swift */,
			);
			path = List;
			sourceTree = "<group>";
		};
		0B0F8AB52C71AE72004440B7 /* Grid */ = {
			isa = PBXGroup;
			children = (
				0B0F8AB62C71AE8B004440B7 /* MovieGridCollectionViewCell.swift */,
				0B0F8AB82C71AEE0004440B7 /* MovieGridCollectionViewCell+Layout.swift */,
				0B0F8ABA2C71AF0F004440B7 /* MovieGridCollectionViewCell+Components.swift */,
			);
			path = Grid;
			sourceTree = "<group>";
		};
		0B0F8AC02C71C5FA004440B7 /* Network */ = {
			isa = PBXGroup;
			children = (
				0B0F8ADA2C71C7AE004440B7 /* Common */,
				0B0F8ACF2C71C6DF004440B7 /* APIClient */,
				0B0F8AC62C71C656004440B7 /* APIRequest */,
				0B0F8AC12C71C609004440B7 /* Errors */,
			);
			path = Network;
			sourceTree = "<group>";
		};
		0B0F8AC12C71C609004440B7 /* Errors */ = {
			isa = PBXGroup;
			children = (
				0B0F8AC22C71C616004440B7 /* APIClientErrorWrapper.swift */,
				0B0F8AC42C71C63F004440B7 /* KueskiMovieDBError.swift */,
			);
			path = Errors;
			sourceTree = "<group>";
		};
		0B0F8AC62C71C656004440B7 /* APIRequest */ = {
			isa = PBXGroup;
			children = (
				0B0F8AC72C71C666004440B7 /* APIRequest.swift */,
				0B0F8ACC2C71C6A3004440B7 /* Encoding */,
				0B0F8AC92C71C67B004440B7 /* HTTPMethods */,
			);
			path = APIRequest;
			sourceTree = "<group>";
		};
		0B0F8AC92C71C67B004440B7 /* HTTPMethods */ = {
			isa = PBXGroup;
			children = (
				0B0F8ACA2C71C690004440B7 /* HTTPRequestMethod.swift */,
			);
			path = HTTPMethods;
			sourceTree = "<group>";
		};
		0B0F8ACC2C71C6A3004440B7 /* Encoding */ = {
			isa = PBXGroup;
			children = (
				0B0F8ACD2C71C6B0004440B7 /* HTTPParametersEncoding.swift */,
			);
			path = Encoding;
			sourceTree = "<group>";
		};
		0B0F8ACF2C71C6DF004440B7 /* APIClient */ = {
			isa = PBXGroup;
			children = (
				0B0F8AD72C71C785004440B7 /* APIResponseDecoder */,
				0B0F8AD42C71C753004440B7 /* AuthorizationType */,
				0B0F8AD02C71C6EB004440B7 /* APIClient.swift */,
				0B0F8AD22C71C701004440B7 /* URLSessionAPIClient.swift */,
			);
			path = APIClient;
			sourceTree = "<group>";
		};
		0B0F8AD42C71C753004440B7 /* AuthorizationType */ = {
			isa = PBXGroup;
			children = (
				0B0F8AD52C71C764004440B7 /* APIClientAuthorizationType.swift */,
			);
			path = AuthorizationType;
			sourceTree = "<group>";
		};
		0B0F8AD72C71C785004440B7 /* APIResponseDecoder */ = {
			isa = PBXGroup;
			children = (
				0B0F8AD82C71C78F004440B7 /* APIResponseDecoder.swift */,
			);
			path = APIResponseDecoder;
			sourceTree = "<group>";
		};
		0B0F8ADA2C71C7AE004440B7 /* Common */ = {
			isa = PBXGroup;
			children = (
				0B0F8ADB2C71C7C2004440B7 /* MappeableType.swift */,
			);
			path = Common;
			sourceTree = "<group>";
		};
		0B0F8ADD2C71C817004440B7 /* Core */ = {
			isa = PBXGroup;
			children = (
				0B0F8B0B2C71CC3F004440B7 /* Configuration */,
				0B0F8AFB2C71CA72004440B7 /* Common */,
				0B0F8AED2C71C99B004440B7 /* API */,
				0B0F8AEA2C71C8E6004440B7 /* Error */,
				0B0F8ADE2C71C829004440B7 /* APIClient */,
			);
			path = Core;
			sourceTree = "<group>";
		};
		0B0F8ADE2C71C829004440B7 /* APIClient */ = {
			isa = PBXGroup;
			children = (
				0B0F8B162C71CDF0004440B7 /* APIResponseDecoder */,
				0B0F8AE72C71C8B5004440B7 /* ErrorMapper */,
				0B0F8AE42C71C887004440B7 /* AuthorizationTokenProvider */,
				0B0F8ADF2C71C833004440B7 /* AsyncRepository */,
			);
			path = APIClient;
			sourceTree = "<group>";
		};
		0B0F8ADF2C71C833004440B7 /* AsyncRepository */ = {
			isa = PBXGroup;
			children = (
				0B0F8AE02C71C840004440B7 /* DefaultAsyncRepository.swift */,
				0B0F8AE22C71C859004440B7 /* AsyncRepository.swift */,
			);
			path = AsyncRepository;
			sourceTree = "<group>";
		};
		0B0F8AE42C71C887004440B7 /* AuthorizationTokenProvider */ = {
			isa = PBXGroup;
			children = (
				0B0F8AE52C71C893004440B7 /* AuthorizationTokenProvder.swift */,
				0B0F8B2A2C71D53E004440B7 /* MovieDBTokenProvider.swift */,
				0B0F8B2C2C71D566004440B7 /* AuthorizationTokenProviderManager.swift */,
			);
			path = AuthorizationTokenProvider;
			sourceTree = "<group>";
		};
		0B0F8AE72C71C8B5004440B7 /* ErrorMapper */ = {
			isa = PBXGroup;
			children = (
				0B0F8AE82C71C8C2004440B7 /* APIResponseErrorMapper.swift */,
			);
			path = ErrorMapper;
			sourceTree = "<group>";
		};
		0B0F8AEA2C71C8E6004440B7 /* Error */ = {
			isa = PBXGroup;
			children = (
				0B0F8AEB2C71C8F5004440B7 /* DefaultAPIClientErrorMapper.swift */,
			);
			path = Error;
			sourceTree = "<group>";
		};
		0B0F8AED2C71C99B004440B7 /* API */ = {
			isa = PBXGroup;
			children = (
				0B0F8B212C71D04C004440B7 /* Models */,
				0B0F8B1D2C71CFFF004440B7 /* Repository */,
				0B0F8AEE2C71C9B2004440B7 /* Router */,
			);
			path = API;
			sourceTree = "<group>";
		};
		0B0F8AEE2C71C9B2004440B7 /* Router */ = {
			isa = PBXGroup;
			children = (
				0B0F8B062C71CBBD004440B7 /* NowPlayingMoviesRouter */,
				0B0F8AEF2C71C9BC004440B7 /* QueryParams */,
			);
			path = Router;
			sourceTree = "<group>";
		};
		0B0F8AEF2C71C9BC004440B7 /* QueryParams */ = {
			isa = PBXGroup;
			children = (
				0B0F8AF12C71C9D1004440B7 /* Image */,
				0B0F8AF02C71C9C7004440B7 /* Movies */,
			);
			path = QueryParams;
			sourceTree = "<group>";
		};
		0B0F8AF02C71C9C7004440B7 /* Movies */ = {
			isa = PBXGroup;
			children = (
				0B0F8AF22C71C9DE004440B7 /* Enum */,
				0B0F8AF92C71CA3B004440B7 /* MoviesQueryParams.swift */,
			);
			path = Movies;
			sourceTree = "<group>";
		};
		0B0F8AF12C71C9D1004440B7 /* Image */ = {
			isa = PBXGroup;
			children = (
				0B0F8B012C71CB46004440B7 /* Enum */,
				0B0F8B042C71CB6E004440B7 /* ImageQueryParams.swift */,
			);
			path = Image;
			sourceTree = "<group>";
		};
		0B0F8AF22C71C9DE004440B7 /* Enum */ = {
			isa = PBXGroup;
			children = (
				0B0F8AF32C71C9FF004440B7 /* ReleaseType.swift */,
				0B0F8AF52C71CA10004440B7 /* LanguageType.swift */,
				0B0F8AF72C71CA20004440B7 /* SortByType.swift */,
			);
			path = Enum;
			sourceTree = "<group>";
		};
		0B0F8AFB2C71CA72004440B7 /* Common */ = {
			isa = PBXGroup;
			children = (
				0B0F8AFC2C71CAA5004440B7 /* Utils */,
				0B0F8B142C71CDAF004440B7 /* GlobalFunctions.swift */,
			);
			path = Common;
			sourceTree = "<group>";
		};
		0B0F8AFC2C71CAA5004440B7 /* Utils */ = {
			isa = PBXGroup;
			children = (
				0B0F8B262C71D4B0004440B7 /* Extensions */,
			);
			path = Utils;
			sourceTree = "<group>";
		};
		0B0F8B012C71CB46004440B7 /* Enum */ = {
			isa = PBXGroup;
			children = (
				0B0F8B022C71CB58004440B7 /* ImageSizeType.swift */,
			);
			path = Enum;
			sourceTree = "<group>";
		};
		0B0F8B062C71CBBD004440B7 /* NowPlayingMoviesRouter */ = {
			isa = PBXGroup;
			children = (
				0B0F8B072C71CBCE004440B7 /* GetNowPlayingMoviesEndpoint.swift */,
			);
			path = NowPlayingMoviesRouter;
			sourceTree = "<group>";
		};
		0B0F8B0B2C71CC3F004440B7 /* Configuration */ = {
			isa = PBXGroup;
			children = (
				0B0F8B0E2C71CC81004440B7 /* ConfigurationKeys */,
				0B0F8B0C2C71CC5C004440B7 /* Configuration.swift */,
			);
			path = Configuration;
			sourceTree = "<group>";
		};
		0B0F8B0E2C71CC81004440B7 /* ConfigurationKeys */ = {
			isa = PBXGroup;
			children = (
				0B0F8B0F2C71CC8E004440B7 /* ConfigurationConstantsKey.swift */,
			);
			path = ConfigurationKeys;
			sourceTree = "<group>";
		};
		0B0F8B162C71CDF0004440B7 /* APIResponseDecoder */ = {
			isa = PBXGroup;
			children = (
				0B0F8B172C71CE0D004440B7 /* VoidableAPIResponseDecoder.swift */,
			);
			path = APIResponseDecoder;
			sourceTree = "<group>";
		};
		0B0F8B1D2C71CFFF004440B7 /* Repository */ = {
			isa = PBXGroup;
			children = (
				0B0F8B1E2C71D007004440B7 /* NowPlayingMovies */,
			);
			path = Repository;
			sourceTree = "<group>";
		};
		0B0F8B1E2C71D007004440B7 /* NowPlayingMovies */ = {
			isa = PBXGroup;
			children = (
				0B0F8B1F2C71D015004440B7 /* NowPlayingMoviesListUseCase.swift */,
			);
			path = NowPlayingMovies;
			sourceTree = "<group>";
		};
		0B0F8B212C71D04C004440B7 /* Models */ = {
			isa = PBXGroup;
			children = (
				0B0F8B222C71D05E004440B7 /* MovieResponse.swift */,
				0B0F8B242C71D075004440B7 /* GenreType.swift */,
			);
			path = Models;
			sourceTree = "<group>";
		};
		0B0F8B262C71D4B0004440B7 /* Extensions */ = {
			isa = PBXGroup;
			children = (
				0B0F8AFD2C71CACC004440B7 /* Date+Ext.swift */,
				0B0F8AFF2C71CB05004440B7 /* Array+Ext.swift */,
				0B0F8B092C71CC2A004440B7 /* String+Ext.swift */,
				0B0F8B1B2C71CE5C004440B7 /* Decodable+Ext.swift */,
				0B0F8B272C71D4CA004440B7 /* Encodable+Ext.swift */,
				0B0F8B5C2C71F3FD004440B7 /* FloatingPoint+Ext.swift */,
				0B0F8B5E2C71F683004440B7 /* UIFont+Ext.swift */,
			);
			path = Extensions;
			sourceTree = "<group>";
		};
		0B0F8B3F2C71E160004440B7 /* Datasource */ = {
			isa = PBXGroup;
			children = (
				0B0F8B402C71E170004440B7 /* GenericCollectionViewDataSource.swift */,
			);
			path = Datasource;
			sourceTree = "<group>";
		};
		0B0F8B422C71E318004440B7 /* Delegate */ = {
			isa = PBXGroup;
			children = (
				0B0F8B432C71E332004440B7 /* GenericCollectionViewDelegate.swift */,
			);
			path = Delegate;
			sourceTree = "<group>";
		};
		0B0F8B452C71E3EB004440B7 /* Animator */ = {
			isa = PBXGroup;
			children = (
				0B0F8B462C71E3F6004440B7 /* CollectionViewLayoutAnimator.swift */,
			);
			path = Animator;
			sourceTree = "<group>";
		};
		0B0F8B482C71E4A5004440B7 /* Protocols */ = {
			isa = PBXGroup;
			children = (
				0B0F8B492C71E4C1004440B7 /* GenericCollectionViewProtocols.swift */,
			);
			path = Protocols;
			sourceTree = "<group>";
		};
		0B0F8B4B2C71E57C004440B7 /* Protocols */ = {
			isa = PBXGroup;
			children = (
				0B0F8B4C2C71E58E004440B7 /* MoviesProtocols.swift */,
			);
			path = Protocols;
			sourceTree = "<group>";
		};
		0B0F8B4E2C71E5AE004440B7 /* CellConfigurator */ = {
			isa = PBXGroup;
			children = (
				0B0F8B4F2C71E5C7004440B7 /* DefaultCellConfigurator.swift */,
			);
			path = CellConfigurator;
			sourceTree = "<group>";
		};
		0B0F8B512C71E5EB004440B7 /* Providers */ = {
			isa = PBXGroup;
			children = (
				0B0F8B522C71E5FB004440B7 /* ListLayoutProvider.swift */,
				0B0F8B542C71E613004440B7 /* GridLayoutProvider.swift */,
			);
			path = Providers;
			sourceTree = "<group>";
		};
		0B0F8B562C71E87E004440B7 /* Interactor */ = {
			isa = PBXGroup;
			children = (
				0B0F8B572C71E89C004440B7 /* MoviesInteractor.swift */,
			);
			path = Interactor;
			sourceTree = "<group>";
		};
		0B0F8B592C71E9E1004440B7 /* Presenter */ = {
			isa = PBXGroup;
			children = (
				0B0F8B5A2C71E9FB004440B7 /* MoviesPresenter.swift */,
			);
			path = Presenter;
			sourceTree = "<group>";
		};
/* End PBXGroup section */

/* Begin PBXNativeTarget section */
		0B0F8A552C715BB3004440B7 /* KueskiMovieDB */ = {
			isa = PBXNativeTarget;
			buildConfigurationList = 0B0F8A832C715BB7004440B7 /* Build configuration list for PBXNativeTarget "KueskiMovieDB" */;
			buildPhases = (
				0B0F8A522C715BB3004440B7 /* Sources */,
				0B0F8A532C715BB3004440B7 /* Frameworks */,
				0B0F8A542C715BB3004440B7 /* Resources */,
			);
			buildRules = (
			);
			dependencies = (
			);
			name = KueskiMovieDB;
			productName = KueskiMovieDB;
			productReference = 0B0F8A562C715BB3004440B7 /* KueskiMovieDB.app */;
			productType = "com.apple.product-type.application";
		};
		0B0F8A6E2C715BB7004440B7 /* KueskiMovieDBTests */ = {
			isa = PBXNativeTarget;
			buildConfigurationList = 0B0F8A862C715BB7004440B7 /* Build configuration list for PBXNativeTarget "KueskiMovieDBTests" */;
			buildPhases = (
				0B0F8A6B2C715BB7004440B7 /* Sources */,
				0B0F8A6C2C715BB7004440B7 /* Frameworks */,
				0B0F8A6D2C715BB7004440B7 /* Resources */,
			);
			buildRules = (
			);
			dependencies = (
				0B0F8A712C715BB7004440B7 /* PBXTargetDependency */,
			);
			name = KueskiMovieDBTests;
			productName = KueskiMovieDBTests;
			productReference = 0B0F8A6F2C715BB7004440B7 /* KueskiMovieDBTests.xctest */;
			productType = "com.apple.product-type.bundle.unit-test";
		};
		0B0F8A782C715BB7004440B7 /* KueskiMovieDBUITests */ = {
			isa = PBXNativeTarget;
			buildConfigurationList = 0B0F8A892C715BB7004440B7 /* Build configuration list for PBXNativeTarget "KueskiMovieDBUITests" */;
			buildPhases = (
				0B0F8A752C715BB7004440B7 /* Sources */,
				0B0F8A762C715BB7004440B7 /* Frameworks */,
				0B0F8A772C715BB7004440B7 /* Resources */,
			);
			buildRules = (
			);
			dependencies = (
				0B0F8A7B2C715BB7004440B7 /* PBXTargetDependency */,
			);
			name = KueskiMovieDBUITests;
			productName = KueskiMovieDBUITests;
			productReference = 0B0F8A792C715BB7004440B7 /* KueskiMovieDBUITests.xctest */;
			productType = "com.apple.product-type.bundle.ui-testing";
		};
/* End PBXNativeTarget section */

/* Begin PBXProject section */
		0B0F8A4E2C715BB3004440B7 /* Project object */ = {
			isa = PBXProject;
			attributes = {
				BuildIndependentTargetsInParallel = 1;
				LastSwiftUpdateCheck = 1530;
				LastUpgradeCheck = 1530;
				TargetAttributes = {
					0B0F8A552C715BB3004440B7 = {
						CreatedOnToolsVersion = 15.3;
					};
					0B0F8A6E2C715BB7004440B7 = {
						CreatedOnToolsVersion = 15.3;
						TestTargetID = 0B0F8A552C715BB3004440B7;
					};
					0B0F8A782C715BB7004440B7 = {
						CreatedOnToolsVersion = 15.3;
						TestTargetID = 0B0F8A552C715BB3004440B7;
					};
				};
			};
			buildConfigurationList = 0B0F8A512C715BB3004440B7 /* Build configuration list for PBXProject "KueskiMovieDB" */;
			compatibilityVersion = "Xcode 14.0";
			developmentRegion = en;
			hasScannedForEncodings = 0;
			knownRegions = (
				en,
				Base,
			);
			mainGroup = 0B0F8A4D2C715BB3004440B7;
			productRefGroup = 0B0F8A572C715BB3004440B7 /* Products */;
			projectDirPath = "";
			projectRoot = "";
			targets = (
				0B0F8A552C715BB3004440B7 /* KueskiMovieDB */,
				0B0F8A6E2C715BB7004440B7 /* KueskiMovieDBTests */,
				0B0F8A782C715BB7004440B7 /* KueskiMovieDBUITests */,
			);
		};
/* End PBXProject section */

/* Begin PBXResourcesBuildPhase section */
		0B0F8A542C715BB3004440B7 /* Resources */ = {
			isa = PBXResourcesBuildPhase;
			buildActionMask = 2147483647;
			files = (
				0B0F8B122C71CCD7004440B7 /* KueskiMovieDBConfiguration.plist in Resources */,
				0B0F8A662C715BB6004440B7 /* Assets.xcassets in Resources */,
				0B0F8A692C715BB6004440B7 /* Base in Resources */,
				0B0F8A612C715BB3004440B7 /* Base in Resources */,
			);
			runOnlyForDeploymentPostprocessing = 0;
		};
		0B0F8A6D2C715BB7004440B7 /* Resources */ = {
			isa = PBXResourcesBuildPhase;
			buildActionMask = 2147483647;
			files = (
			);
			runOnlyForDeploymentPostprocessing = 0;
		};
		0B0F8A772C715BB7004440B7 /* Resources */ = {
			isa = PBXResourcesBuildPhase;
			buildActionMask = 2147483647;
			files = (
			);
			runOnlyForDeploymentPostprocessing = 0;
		};
/* End PBXResourcesBuildPhase section */

/* Begin PBXSourcesBuildPhase section */
		0B0F8A522C715BB3004440B7 /* Sources */ = {
			isa = PBXSourcesBuildPhase;
			buildActionMask = 2147483647;
			files = (
				0B0F8AF82C71CA20004440B7 /* SortByType.swift in Sources */,
				0B0F8A642C715BB3004440B7 /* KueskiMovieDB.xcdatamodeld in Sources */,
				0B0F8B102C71CC8E004440B7 /* ConfigurationConstantsKey.swift in Sources */,
				0B0F8B082C71CBCE004440B7 /* GetNowPlayingMoviesEndpoint.swift in Sources */,
				0B0F8AC82C71C666004440B7 /* APIRequest.swift in Sources */,
				0B0F8A972C7168B1004440B7 /* MoviesViewController.swift in Sources */,
				0B0F8AF62C71CA10004440B7 /* LanguageType.swift in Sources */,
				0B0F8AF42C71C9FF004440B7 /* ReleaseType.swift in Sources */,
				0B0F8AA12C7169A0004440B7 /* TabBarRouter.swift in Sources */,
				0B0F8AD62C71C764004440B7 /* APIClientAuthorizationType.swift in Sources */,
				0B0F8B582C71E89C004440B7 /* MoviesInteractor.swift in Sources */,
				0B0F8AB22C719001004440B7 /* MovieListCollectionViewCell+Layout.swift in Sources */,
				0B0F8B0D2C71CC5C004440B7 /* Configuration.swift in Sources */,
				0B0F8B552C71E613004440B7 /* GridLayoutProvider.swift in Sources */,
				0B0F8B002C71CB05004440B7 /* Array+Ext.swift in Sources */,
				0B0F8B442C71E332004440B7 /* GenericCollectionViewDelegate.swift in Sources */,
				0B0F8B202C71D015004440B7 /* NowPlayingMoviesListUseCase.swift in Sources */,
				0B0F8AFE2C71CACC004440B7 /* Date+Ext.swift in Sources */,
				0B0F8B4A2C71E4C1004440B7 /* GenericCollectionViewProtocols.swift in Sources */,
				0B0F8AD32C71C701004440B7 /* URLSessionAPIClient.swift in Sources */,
				0B0F8B2D2C71D566004440B7 /* AuthorizationTokenProviderManager.swift in Sources */,
				0B0F8AB42C71ACF7004440B7 /* MovieListCollectionViewCell+Components.swift in Sources */,
				0B0F8ACE2C71C6B0004440B7 /* HTTPParametersEncoding.swift in Sources */,
				0B0F8ABB2C71AF0F004440B7 /* MovieGridCollectionViewCell+Components.swift in Sources */,
				0B0F8B5F2C71F683004440B7 /* UIFont+Ext.swift in Sources */,
				0B0F8A5A2C715BB3004440B7 /* AppDelegate.swift in Sources */,
				0B0F8AC52C71C63F004440B7 /* KueskiMovieDBError.swift in Sources */,
				0B0F8B502C71E5C7004440B7 /* DefaultCellConfigurator.swift in Sources */,
				0B0F8B5B2C71E9FB004440B7 /* MoviesPresenter.swift in Sources */,
				0B0F8A912C7167F2004440B7 /* NavigationFactory.swift in Sources */,
				0B0F8B472C71E3F6004440B7 /* CollectionViewLayoutAnimator.swift in Sources */,
				0B0F8AD12C71C6EB004440B7 /* APIClient.swift in Sources */,
				0B0F8B532C71E5FB004440B7 /* ListLayoutProvider.swift in Sources */,
				0B0F8B282C71D4CA004440B7 /* Encodable+Ext.swift in Sources */,
				0B0F8AC32C71C616004440B7 /* APIClientErrorWrapper.swift in Sources */,
				0B0F8AE92C71C8C2004440B7 /* APIResponseErrorMapper.swift in Sources */,
				0B0F8A5C2C715BB3004440B7 /* SceneDelegate.swift in Sources */,
				0B0F8AE32C71C859004440B7 /* AsyncRepository.swift in Sources */,
				0B0F8AB92C71AEE0004440B7 /* MovieGridCollectionViewCell+Layout.swift in Sources */,
				0B0F8B252C71D075004440B7 /* GenreType.swift in Sources */,
				0B0F8AD92C71C78F004440B7 /* APIResponseDecoder.swift in Sources */,
				0B0F8B052C71CB6E004440B7 /* ImageQueryParams.swift in Sources */,
				0B0F8B1C2C71CE5C004440B7 /* Decodable+Ext.swift in Sources */,
				0B0F8B4D2C71E58E004440B7 /* MoviesProtocols.swift in Sources */,
				0B0F8AE12C71C840004440B7 /* DefaultAsyncRepository.swift in Sources */,
				0B0F8AE62C71C893004440B7 /* AuthorizationTokenProvder.swift in Sources */,
				0B0F8A9A2C7168E6004440B7 /* MoviesFactory.swift in Sources */,
				0B0F8B412C71E170004440B7 /* GenericCollectionViewDataSource.swift in Sources */,
				0B0F8ABD2C71B697004440B7 /* ListCollectionViewLayout.swift in Sources */,
				0B0F8B182C71CE0D004440B7 /* VoidableAPIResponseDecoder.swift in Sources */,
				0B0F8ABF2C71B6BB004440B7 /* GridCollectionViewLayout.swift in Sources */,
				0B0F8AA42C7169C7004440B7 /* TabBarFactory.swift in Sources */,
				0B0F8B2B2C71D53E004440B7 /* MovieDBTokenProvider.swift in Sources */,
				0B0F8AFA2C71CA3B004440B7 /* MoviesQueryParams.swift in Sources */,
				0B0F8AAC2C716EDA004440B7 /* MovieListCollectionViewCell.swift in Sources */,
				0B0F8B5D2C71F3FD004440B7 /* FloatingPoint+Ext.swift in Sources */,
				0B0F8ACB2C71C690004440B7 /* HTTPRequestMethod.swift in Sources */,
				0B0F8B232C71D05E004440B7 /* MovieResponse.swift in Sources */,
				0B0F8B152C71CDB0004440B7 /* GlobalFunctions.swift in Sources */,
				0B0F8B0A2C71CC2A004440B7 /* String+Ext.swift in Sources */,
				0B0F8AEC2C71C8F5004440B7 /* DefaultAPIClientErrorMapper.swift in Sources */,
				0B0F8AA92C716BD8004440B7 /* GenericCollectionView.swift in Sources */,
				0B0F8A9E2C716971004440B7 /* MovieTabBarView.swift in Sources */,
				0B0F8AB72C71AE8B004440B7 /* MovieGridCollectionViewCell.swift in Sources */,
				0B0F8B032C71CB58004440B7 /* ImageSizeType.swift in Sources */,
				0B0F8ADC2C71C7C2004440B7 /* MappeableType.swift in Sources */,
			);
			runOnlyForDeploymentPostprocessing = 0;
		};
		0B0F8A6B2C715BB7004440B7 /* Sources */ = {
			isa = PBXSourcesBuildPhase;
			buildActionMask = 2147483647;
			files = (
				0B0F8A742C715BB7004440B7 /* KueskiMovieDBTests.swift in Sources */,
			);
			runOnlyForDeploymentPostprocessing = 0;
		};
		0B0F8A752C715BB7004440B7 /* Sources */ = {
			isa = PBXSourcesBuildPhase;
			buildActionMask = 2147483647;
			files = (
				0B0F8A7E2C715BB7004440B7 /* KueskiMovieDBUITests.swift in Sources */,
				0B0F8A802C715BB7004440B7 /* KueskiMovieDBUITestsLaunchTests.swift in Sources */,
			);
			runOnlyForDeploymentPostprocessing = 0;
		};
/* End PBXSourcesBuildPhase section */

/* Begin PBXTargetDependency section */
		0B0F8A712C715BB7004440B7 /* PBXTargetDependency */ = {
			isa = PBXTargetDependency;
			target = 0B0F8A552C715BB3004440B7 /* KueskiMovieDB */;
			targetProxy = 0B0F8A702C715BB7004440B7 /* PBXContainerItemProxy */;
		};
		0B0F8A7B2C715BB7004440B7 /* PBXTargetDependency */ = {
			isa = PBXTargetDependency;
			target = 0B0F8A552C715BB3004440B7 /* KueskiMovieDB */;
			targetProxy = 0B0F8A7A2C715BB7004440B7 /* PBXContainerItemProxy */;
		};
/* End PBXTargetDependency section */

/* Begin PBXVariantGroup section */
		0B0F8A5F2C715BB3004440B7 /* Main.storyboard */ = {
			isa = PBXVariantGroup;
			children = (
				0B0F8A602C715BB3004440B7 /* Base */,
			);
			name = Main.storyboard;
			sourceTree = "<group>";
		};
		0B0F8A672C715BB6004440B7 /* LaunchScreen.storyboard */ = {
			isa = PBXVariantGroup;
			children = (
				0B0F8A682C715BB6004440B7 /* Base */,
			);
			name = LaunchScreen.storyboard;
			sourceTree = "<group>";
		};
/* End PBXVariantGroup section */

/* Begin XCBuildConfiguration section */
		0B0F8A812C715BB7004440B7 /* Debug */ = {
			isa = XCBuildConfiguration;
			buildSettings = {
				ALWAYS_SEARCH_USER_PATHS = NO;
				ASSETCATALOG_COMPILER_GENERATE_SWIFT_ASSET_SYMBOL_EXTENSIONS = YES;
				CLANG_ANALYZER_NONNULL = YES;
				CLANG_ANALYZER_NUMBER_OBJECT_CONVERSION = YES_AGGRESSIVE;
				CLANG_CXX_LANGUAGE_STANDARD = "gnu++20";
				CLANG_ENABLE_MODULES = YES;
				CLANG_ENABLE_OBJC_ARC = YES;
				CLANG_ENABLE_OBJC_WEAK = YES;
				CLANG_WARN_BLOCK_CAPTURE_AUTORELEASING = YES;
				CLANG_WARN_BOOL_CONVERSION = YES;
				CLANG_WARN_COMMA = YES;
				CLANG_WARN_CONSTANT_CONVERSION = YES;
				CLANG_WARN_DEPRECATED_OBJC_IMPLEMENTATIONS = YES;
				CLANG_WARN_DIRECT_OBJC_ISA_USAGE = YES_ERROR;
				CLANG_WARN_DOCUMENTATION_COMMENTS = YES;
				CLANG_WARN_EMPTY_BODY = YES;
				CLANG_WARN_ENUM_CONVERSION = YES;
				CLANG_WARN_INFINITE_RECURSION = YES;
				CLANG_WARN_INT_CONVERSION = YES;
				CLANG_WARN_NON_LITERAL_NULL_CONVERSION = YES;
				CLANG_WARN_OBJC_IMPLICIT_RETAIN_SELF = YES;
				CLANG_WARN_OBJC_LITERAL_CONVERSION = YES;
				CLANG_WARN_OBJC_ROOT_CLASS = YES_ERROR;
				CLANG_WARN_QUOTED_INCLUDE_IN_FRAMEWORK_HEADER = YES;
				CLANG_WARN_RANGE_LOOP_ANALYSIS = YES;
				CLANG_WARN_STRICT_PROTOTYPES = YES;
				CLANG_WARN_SUSPICIOUS_MOVE = YES;
				CLANG_WARN_UNGUARDED_AVAILABILITY = YES_AGGRESSIVE;
				CLANG_WARN_UNREACHABLE_CODE = YES;
				CLANG_WARN__DUPLICATE_METHOD_MATCH = YES;
				COPY_PHASE_STRIP = NO;
				DEBUG_INFORMATION_FORMAT = dwarf;
				ENABLE_STRICT_OBJC_MSGSEND = YES;
				ENABLE_TESTABILITY = YES;
				ENABLE_USER_SCRIPT_SANDBOXING = YES;
				GCC_C_LANGUAGE_STANDARD = gnu17;
				GCC_DYNAMIC_NO_PIC = NO;
				GCC_NO_COMMON_BLOCKS = YES;
				GCC_OPTIMIZATION_LEVEL = 0;
				GCC_PREPROCESSOR_DEFINITIONS = (
					"DEBUG=1",
					"$(inherited)",
				);
				GCC_WARN_64_TO_32_BIT_CONVERSION = YES;
				GCC_WARN_ABOUT_RETURN_TYPE = YES_ERROR;
				GCC_WARN_UNDECLARED_SELECTOR = YES;
				GCC_WARN_UNINITIALIZED_AUTOS = YES_AGGRESSIVE;
				GCC_WARN_UNUSED_FUNCTION = YES;
				GCC_WARN_UNUSED_VARIABLE = YES;
				IPHONEOS_DEPLOYMENT_TARGET = 17.4;
				LOCALIZATION_PREFERS_STRING_CATALOGS = YES;
				MTL_ENABLE_DEBUG_INFO = INCLUDE_SOURCE;
				MTL_FAST_MATH = YES;
				ONLY_ACTIVE_ARCH = YES;
				SDKROOT = iphoneos;
				SWIFT_ACTIVE_COMPILATION_CONDITIONS = "DEBUG $(inherited)";
				SWIFT_OPTIMIZATION_LEVEL = "-Onone";
			};
			name = Debug;
		};
		0B0F8A822C715BB7004440B7 /* Release */ = {
			isa = XCBuildConfiguration;
			buildSettings = {
				ALWAYS_SEARCH_USER_PATHS = NO;
				ASSETCATALOG_COMPILER_GENERATE_SWIFT_ASSET_SYMBOL_EXTENSIONS = YES;
				CLANG_ANALYZER_NONNULL = YES;
				CLANG_ANALYZER_NUMBER_OBJECT_CONVERSION = YES_AGGRESSIVE;
				CLANG_CXX_LANGUAGE_STANDARD = "gnu++20";
				CLANG_ENABLE_MODULES = YES;
				CLANG_ENABLE_OBJC_ARC = YES;
				CLANG_ENABLE_OBJC_WEAK = YES;
				CLANG_WARN_BLOCK_CAPTURE_AUTORELEASING = YES;
				CLANG_WARN_BOOL_CONVERSION = YES;
				CLANG_WARN_COMMA = YES;
				CLANG_WARN_CONSTANT_CONVERSION = YES;
				CLANG_WARN_DEPRECATED_OBJC_IMPLEMENTATIONS = YES;
				CLANG_WARN_DIRECT_OBJC_ISA_USAGE = YES_ERROR;
				CLANG_WARN_DOCUMENTATION_COMMENTS = YES;
				CLANG_WARN_EMPTY_BODY = YES;
				CLANG_WARN_ENUM_CONVERSION = YES;
				CLANG_WARN_INFINITE_RECURSION = YES;
				CLANG_WARN_INT_CONVERSION = YES;
				CLANG_WARN_NON_LITERAL_NULL_CONVERSION = YES;
				CLANG_WARN_OBJC_IMPLICIT_RETAIN_SELF = YES;
				CLANG_WARN_OBJC_LITERAL_CONVERSION = YES;
				CLANG_WARN_OBJC_ROOT_CLASS = YES_ERROR;
				CLANG_WARN_QUOTED_INCLUDE_IN_FRAMEWORK_HEADER = YES;
				CLANG_WARN_RANGE_LOOP_ANALYSIS = YES;
				CLANG_WARN_STRICT_PROTOTYPES = YES;
				CLANG_WARN_SUSPICIOUS_MOVE = YES;
				CLANG_WARN_UNGUARDED_AVAILABILITY = YES_AGGRESSIVE;
				CLANG_WARN_UNREACHABLE_CODE = YES;
				CLANG_WARN__DUPLICATE_METHOD_MATCH = YES;
				COPY_PHASE_STRIP = NO;
				DEBUG_INFORMATION_FORMAT = "dwarf-with-dsym";
				ENABLE_NS_ASSERTIONS = NO;
				ENABLE_STRICT_OBJC_MSGSEND = YES;
				ENABLE_USER_SCRIPT_SANDBOXING = YES;
				GCC_C_LANGUAGE_STANDARD = gnu17;
				GCC_NO_COMMON_BLOCKS = YES;
				GCC_WARN_64_TO_32_BIT_CONVERSION = YES;
				GCC_WARN_ABOUT_RETURN_TYPE = YES_ERROR;
				GCC_WARN_UNDECLARED_SELECTOR = YES;
				GCC_WARN_UNINITIALIZED_AUTOS = YES_AGGRESSIVE;
				GCC_WARN_UNUSED_FUNCTION = YES;
				GCC_WARN_UNUSED_VARIABLE = YES;
				IPHONEOS_DEPLOYMENT_TARGET = 17.4;
				LOCALIZATION_PREFERS_STRING_CATALOGS = YES;
				MTL_ENABLE_DEBUG_INFO = NO;
				MTL_FAST_MATH = YES;
				SDKROOT = iphoneos;
				SWIFT_COMPILATION_MODE = wholemodule;
				VALIDATE_PRODUCT = YES;
			};
			name = Release;
		};
		0B0F8A842C715BB7004440B7 /* Debug */ = {
			isa = XCBuildConfiguration;
			buildSettings = {
				ASSETCATALOG_COMPILER_APPICON_NAME = AppIcon;
				ASSETCATALOG_COMPILER_GLOBAL_ACCENT_COLOR_NAME = AccentColor;
				CODE_SIGN_STYLE = Automatic;
				CURRENT_PROJECT_VERSION = 1;
				DEVELOPMENT_TEAM = MY433XY2KB;
				GENERATE_INFOPLIST_FILE = YES;
				INFOPLIST_FILE = KueskiMovieDB/Info.plist;
				INFOPLIST_KEY_UIApplicationSupportsIndirectInputEvents = YES;
				INFOPLIST_KEY_UILaunchStoryboardName = LaunchScreen;
				INFOPLIST_KEY_UIMainStoryboardFile = Main;
				INFOPLIST_KEY_UISupportedInterfaceOrientations = UIInterfaceOrientationPortrait;
				INFOPLIST_KEY_UISupportedInterfaceOrientations_iPad = "UIInterfaceOrientationLandscapeLeft UIInterfaceOrientationLandscapeRight UIInterfaceOrientationPortrait UIInterfaceOrientationPortraitUpsideDown";
				IPHONEOS_DEPLOYMENT_TARGET = 15.0;
				LD_RUNPATH_SEARCH_PATHS = (
					"$(inherited)",
					"@executable_path/Frameworks",
				);
				MARKETING_VERSION = 1.0;
				PRODUCT_BUNDLE_IDENTIFIER = com.jofraroher.KueskiMovieDB;
				PRODUCT_NAME = "$(TARGET_NAME)";
				SUPPORTED_PLATFORMS = "iphoneos iphonesimulator";
				SUPPORTS_MACCATALYST = NO;
				SUPPORTS_MAC_DESIGNED_FOR_IPHONE_IPAD = NO;
				SUPPORTS_XR_DESIGNED_FOR_IPHONE_IPAD = NO;
				SWIFT_EMIT_LOC_STRINGS = YES;
				SWIFT_VERSION = 5.0;
				TARGETED_DEVICE_FAMILY = 1;
			};
			name = Debug;
		};
		0B0F8A852C715BB7004440B7 /* Release */ = {
			isa = XCBuildConfiguration;
			buildSettings = {
				ASSETCATALOG_COMPILER_APPICON_NAME = AppIcon;
				ASSETCATALOG_COMPILER_GLOBAL_ACCENT_COLOR_NAME = AccentColor;
				CODE_SIGN_STYLE = Automatic;
				CURRENT_PROJECT_VERSION = 1;
				DEVELOPMENT_TEAM = MY433XY2KB;
				GENERATE_INFOPLIST_FILE = YES;
				INFOPLIST_FILE = KueskiMovieDB/Info.plist;
				INFOPLIST_KEY_UIApplicationSupportsIndirectInputEvents = YES;
				INFOPLIST_KEY_UILaunchStoryboardName = LaunchScreen;
				INFOPLIST_KEY_UIMainStoryboardFile = Main;
				INFOPLIST_KEY_UISupportedInterfaceOrientations = UIInterfaceOrientationPortrait;
				INFOPLIST_KEY_UISupportedInterfaceOrientations_iPad = "UIInterfaceOrientationLandscapeLeft UIInterfaceOrientationLandscapeRight UIInterfaceOrientationPortrait UIInterfaceOrientationPortraitUpsideDown";
				IPHONEOS_DEPLOYMENT_TARGET = 15.0;
				LD_RUNPATH_SEARCH_PATHS = (
					"$(inherited)",
					"@executable_path/Frameworks",
				);
				MARKETING_VERSION = 1.0;
				PRODUCT_BUNDLE_IDENTIFIER = com.jofraroher.KueskiMovieDB;
				PRODUCT_NAME = "$(TARGET_NAME)";
				SUPPORTED_PLATFORMS = "iphoneos iphonesimulator";
				SUPPORTS_MACCATALYST = NO;
				SUPPORTS_MAC_DESIGNED_FOR_IPHONE_IPAD = NO;
				SUPPORTS_XR_DESIGNED_FOR_IPHONE_IPAD = NO;
				SWIFT_EMIT_LOC_STRINGS = YES;
				SWIFT_VERSION = 5.0;
				TARGETED_DEVICE_FAMILY = 1;
			};
			name = Release;
		};
		0B0F8A872C715BB7004440B7 /* Debug */ = {
			isa = XCBuildConfiguration;
			buildSettings = {
				ALWAYS_EMBED_SWIFT_STANDARD_LIBRARIES = YES;
				BUNDLE_LOADER = "$(TEST_HOST)";
				CODE_SIGN_STYLE = Automatic;
				CURRENT_PROJECT_VERSION = 1;
				DEVELOPMENT_TEAM = MY433XY2KB;
				GENERATE_INFOPLIST_FILE = YES;
				IPHONEOS_DEPLOYMENT_TARGET = 17.4;
				MARKETING_VERSION = 1.0;
				PRODUCT_BUNDLE_IDENTIFIER = com.jofraroher.KueskiMovieDBTests;
				PRODUCT_NAME = "$(TARGET_NAME)";
				SWIFT_EMIT_LOC_STRINGS = NO;
				SWIFT_VERSION = 5.0;
				TARGETED_DEVICE_FAMILY = "1,2";
				TEST_HOST = "$(BUILT_PRODUCTS_DIR)/KueskiMovieDB.app/$(BUNDLE_EXECUTABLE_FOLDER_PATH)/KueskiMovieDB";
			};
			name = Debug;
		};
		0B0F8A882C715BB7004440B7 /* Release */ = {
			isa = XCBuildConfiguration;
			buildSettings = {
				ALWAYS_EMBED_SWIFT_STANDARD_LIBRARIES = YES;
				BUNDLE_LOADER = "$(TEST_HOST)";
				CODE_SIGN_STYLE = Automatic;
				CURRENT_PROJECT_VERSION = 1;
				DEVELOPMENT_TEAM = MY433XY2KB;
				GENERATE_INFOPLIST_FILE = YES;
				IPHONEOS_DEPLOYMENT_TARGET = 17.4;
				MARKETING_VERSION = 1.0;
				PRODUCT_BUNDLE_IDENTIFIER = com.jofraroher.KueskiMovieDBTests;
				PRODUCT_NAME = "$(TARGET_NAME)";
				SWIFT_EMIT_LOC_STRINGS = NO;
				SWIFT_VERSION = 5.0;
				TARGETED_DEVICE_FAMILY = "1,2";
				TEST_HOST = "$(BUILT_PRODUCTS_DIR)/KueskiMovieDB.app/$(BUNDLE_EXECUTABLE_FOLDER_PATH)/KueskiMovieDB";
			};
			name = Release;
		};
		0B0F8A8A2C715BB7004440B7 /* Debug */ = {
			isa = XCBuildConfiguration;
			buildSettings = {
				ALWAYS_EMBED_SWIFT_STANDARD_LIBRARIES = YES;
				CODE_SIGN_STYLE = Automatic;
				CURRENT_PROJECT_VERSION = 1;
				DEVELOPMENT_TEAM = MY433XY2KB;
				GENERATE_INFOPLIST_FILE = YES;
				MARKETING_VERSION = 1.0;
				PRODUCT_BUNDLE_IDENTIFIER = com.jofraroher.KueskiMovieDBUITests;
				PRODUCT_NAME = "$(TARGET_NAME)";
				SWIFT_EMIT_LOC_STRINGS = NO;
				SWIFT_VERSION = 5.0;
				TARGETED_DEVICE_FAMILY = "1,2";
				TEST_TARGET_NAME = KueskiMovieDB;
			};
			name = Debug;
		};
		0B0F8A8B2C715BB7004440B7 /* Release */ = {
			isa = XCBuildConfiguration;
			buildSettings = {
				ALWAYS_EMBED_SWIFT_STANDARD_LIBRARIES = YES;
				CODE_SIGN_STYLE = Automatic;
				CURRENT_PROJECT_VERSION = 1;
				DEVELOPMENT_TEAM = MY433XY2KB;
				GENERATE_INFOPLIST_FILE = YES;
				MARKETING_VERSION = 1.0;
				PRODUCT_BUNDLE_IDENTIFIER = com.jofraroher.KueskiMovieDBUITests;
				PRODUCT_NAME = "$(TARGET_NAME)";
				SWIFT_EMIT_LOC_STRINGS = NO;
				SWIFT_VERSION = 5.0;
				TARGETED_DEVICE_FAMILY = "1,2";
				TEST_TARGET_NAME = KueskiMovieDB;
			};
			name = Release;
		};
/* End XCBuildConfiguration section */

/* Begin XCConfigurationList section */
		0B0F8A512C715BB3004440B7 /* Build configuration list for PBXProject "KueskiMovieDB" */ = {
			isa = XCConfigurationList;
			buildConfigurations = (
				0B0F8A812C715BB7004440B7 /* Debug */,
				0B0F8A822C715BB7004440B7 /* Release */,
			);
			defaultConfigurationIsVisible = 0;
			defaultConfigurationName = Release;
		};
		0B0F8A832C715BB7004440B7 /* Build configuration list for PBXNativeTarget "KueskiMovieDB" */ = {
			isa = XCConfigurationList;
			buildConfigurations = (
				0B0F8A842C715BB7004440B7 /* Debug */,
				0B0F8A852C715BB7004440B7 /* Release */,
			);
			defaultConfigurationIsVisible = 0;
			defaultConfigurationName = Release;
		};
		0B0F8A862C715BB7004440B7 /* Build configuration list for PBXNativeTarget "KueskiMovieDBTests" */ = {
			isa = XCConfigurationList;
			buildConfigurations = (
				0B0F8A872C715BB7004440B7 /* Debug */,
				0B0F8A882C715BB7004440B7 /* Release */,
			);
			defaultConfigurationIsVisible = 0;
			defaultConfigurationName = Release;
		};
		0B0F8A892C715BB7004440B7 /* Build configuration list for PBXNativeTarget "KueskiMovieDBUITests" */ = {
			isa = XCConfigurationList;
			buildConfigurations = (
				0B0F8A8A2C715BB7004440B7 /* Debug */,
				0B0F8A8B2C715BB7004440B7 /* Release */,
			);
			defaultConfigurationIsVisible = 0;
			defaultConfigurationName = Release;
		};
/* End XCConfigurationList section */

/* Begin XCVersionGroup section */
		0B0F8A622C715BB3004440B7 /* KueskiMovieDB.xcdatamodeld */ = {
			isa = XCVersionGroup;
			children = (
				0B0F8A632C715BB3004440B7 /* KueskiMovieDB.xcdatamodel */,
			);
			currentVersion = 0B0F8A632C715BB3004440B7 /* KueskiMovieDB.xcdatamodel */;
			path = KueskiMovieDB.xcdatamodeld;
			sourceTree = "<group>";
			versionGroupType = wrapper.xcdatamodel;
		};
/* End XCVersionGroup section */
	};
	rootObject = 0B0F8A4E2C715BB3004440B7 /* Project object */;
}
